
Microsoft Visual Studio Solution File, Format Version 12.00
# Visual Studio Version 17
VisualStudioVersion = 17.9.34622.214
MinimumVisualStudioVersion = 10.0.40219.1
Project("{9A19103F-16F7-4668-BE54-9A1E7A4F7556}") = "FirstClass", "FirstClass\FirstClass.csproj", "{0FE95F48-8552-4998-BA87-A603B5FB4516}"
EndProject
Project("{9A19103F-16F7-4668-BE54-9A1E7A4F7556}") = "GeometricShapes", "GeometricShapes\GeometricShapes.csproj", "{43FB08B7-C059-410C-90D0-3F4DD9F87B83}"
EndProject
Project("{FAE04EC0-301F-11D3-BF4B-00C04F79EFBC}") = "Family", "Family\Family.csproj", "{C3A5AADA-E324-42BE-AF03-A5A62AC8B0AA}"
EndProject
Global
	GlobalSection(SolutionConfigurationPlatforms) = preSolution
		Debug|Any CPU = Debug|Any CPU
		Release|Any CPU = Release|Any CPU
	EndGlobalSection
	GlobalSection(ProjectConfigurationPlatforms) = postSolution
		{0FE95F48-8552-4998-BA87-A603B5FB4516}.Debug|Any CPU.ActiveCfg = Debug|Any CPU
		{0FE95F48-8552-4998-BA87-A603B5FB4516}.Debug|Any CPU.Build.0 = Debug|Any CPU
		{0FE95F48-8552-4998-BA87-A603B5FB4516}.Release|Any CPU.ActiveCfg = Release|Any CPU
		{0FE95F48-8552-4998-BA87-A603B5FB4516}.Release|Any CPU.Build.0 = Release|Any CPU
		{43FB08B7-C059-410C-90D0-3F4DD9F87B83}.Debug|Any CPU.ActiveCfg = Debug|Any CPU
		{43FB08B7-C059-410C-90D0-3F4DD9F87B83}.Debug|Any CPU.Build.0 = Debug|Any CPU
		{43FB08B7-C059-410C-90D0-3F4DD9F87B83}.Release|Any CPU.ActiveCfg = Release|Any CPU
		{43FB08B7-C059-410C-90D0-3F4DD9F87B83}.Release|Any CPU.Build.0 = Release|Any CPU
		{C3A5AADA-E324-42BE-AF03-A5A62AC8B0AA}.Debug|Any CPU.ActiveCfg = Debug|Any CPU
		{C3A5AADA-E324-42BE-AF03-A5A62AC8B0AA}.Debug|Any CPU.Build.0 = Debug|Any CPU
		{C3A5AADA-E324-42BE-AF03-A5A62AC8B0AA}.Release|Any CPU.ActiveCfg = Release|Any CPU
		{C3A5AADA-E324-42BE-AF03-A5A62AC8B0AA}.Release|Any CPU.Build.0 = Release|Any CPU
	EndGlobalSection
	GlobalSection(SolutionProperties) = preSolution
		HideSolutionNode = FALSE
	EndGlobalSection
	GlobalSection(ExtensibilityGlobals) = postSolution
		SolutionGuid = {7CA70F19-3D0D-4EDB-B74E-986DD132039E}
	EndGlobalSection
EndGlobal
